// !$*UTF8*$!
{
	archiveVersion = 1;
	classes = {
	};
	objectVersion = 46;
	objects = {

/* Begin PBXBuildFile section */
		4D7E0C941BFD340300A15C54 /* AppDelegate.swift in Sources */ = {isa = PBXBuildFile; fileRef = 4D7E0C931BFD340300A15C54 /* AppDelegate.swift */; };
		4D7E0C961BFD340300A15C54 /* ViewController.swift in Sources */ = {isa = PBXBuildFile; fileRef = 4D7E0C951BFD340300A15C54 /* ViewController.swift */; };
		4D7E0C991BFD340300A15C54 /* Main.storyboard in Resources */ = {isa = PBXBuildFile; fileRef = 4D7E0C971BFD340300A15C54 /* Main.storyboard */; };
		4D7E0C9B1BFD340300A15C54 /* Assets.xcassets in Resources */ = {isa = PBXBuildFile; fileRef = 4D7E0C9A1BFD340300A15C54 /* Assets.xcassets */; };
		4D7E0C9E1BFD340300A15C54 /* LaunchScreen.storyboard in Resources */ = {isa = PBXBuildFile; fileRef = 4D7E0C9C1BFD340300A15C54 /* LaunchScreen.storyboard */; };
		4D7E0CA91BFD340400A15C54 /* swift_vehicleTests.swift in Sources */ = {isa = PBXBuildFile; fileRef = 4D7E0CA81BFD340400A15C54 /* swift_vehicleTests.swift */; };
		4D7E0CB51BFE1D1E00A15C54 /* Vehicle.swift in Sources */ = {isa = PBXBuildFile; fileRef = 4D7E0CB41BFE1D1E00A15C54 /* Vehicle.swift */; };
		4D7E0CB71BFE200F00A15C54 /* Car.swift in Sources */ = {isa = PBXBuildFile; fileRef = 4D7E0CB61BFE200F00A15C54 /* Car.swift */; };
		4D7E0CB91BFE201E00A15C54 /* Plane.swift in Sources */ = {isa = PBXBuildFile; fileRef = 4D7E0CB81BFE201E00A15C54 /* Plane.swift */; };
		4D7E0CBB1BFE2FF500A15C54 /* RaceCar.swift in Sources */ = {isa = PBXBuildFile; fileRef = 4D7E0CBA1BFE2FF500A15C54 /* RaceCar.swift */; };
		4D7E0CBD1BFE350300A15C54 /* Jet.swift in Sources */ = {isa = PBXBuildFile; fileRef = 4D7E0CBC1BFE350300A15C54 /* Jet.swift */; };
		4D7E0CBF1BFE4C4400A15C54 /* VehicleSpec.swift in Sources */ = {isa = PBXBuildFile; fileRef = 4D7E0CBE1BFE4C4400A15C54 /* VehicleSpec.swift */; };
		D8C1798303A5FD3513635674 /* Pods_swift_vehicleTests.framework in Frameworks */ = {isa = PBXBuildFile; fileRef = 6098B16ED08140CDACB2A8E6 /* Pods_swift_vehicleTests.framework */; };
/* End PBXBuildFile section */

/* Begin PBXContainerItemProxy section */
		4D7E0CA51BFD340400A15C54 /* PBXContainerItemProxy */ = {
			isa = PBXContainerItemProxy;
			containerPortal = 4D7E0C881BFD340300A15C54 /* Project object */;
			proxyType = 1;
			remoteGlobalIDString = 4D7E0C8F1BFD340300A15C54;
			remoteInfo = "swift-vehicle";
		};
/* End PBXContainerItemProxy section */

/* Begin PBXFileReference section */
		45BA0D521C8782ECAEAF3B22 /* Pods-swift-vehicleTests.debug.xcconfig */ = {isa = PBXFileReference; includeInIndex = 1; lastKnownFileType = text.xcconfig; name = "Pods-swift-vehicleTests.debug.xcconfig"; path = "Pods/Target Support Files/Pods-swift-vehicleTests/Pods-swift-vehicleTests.debug.xcconfig"; sourceTree = "<group>"; };
		4D7E0C901BFD340300A15C54 /* swift-vehicle.app */ = {isa = PBXFileReference; explicitFileType = wrapper.application; includeInIndex = 0; path = "swift-vehicle.app"; sourceTree = BUILT_PRODUCTS_DIR; };
		4D7E0C931BFD340300A15C54 /* AppDelegate.swift */ = {isa = PBXFileReference; lastKnownFileType = sourcecode.swift; path = AppDelegate.swift; sourceTree = "<group>"; };
		4D7E0C951BFD340300A15C54 /* ViewController.swift */ = {isa = PBXFileReference; lastKnownFileType = sourcecode.swift; path = ViewController.swift; sourceTree = "<group>"; };
		4D7E0C981BFD340300A15C54 /* Base */ = {isa = PBXFileReference; lastKnownFileType = file.storyboard; name = Base; path = Base.lproj/Main.storyboard; sourceTree = "<group>"; };
		4D7E0C9A1BFD340300A15C54 /* Assets.xcassets */ = {isa = PBXFileReference; lastKnownFileType = folder.assetcatalog; path = Assets.xcassets; sourceTree = "<group>"; };
		4D7E0C9D1BFD340300A15C54 /* Base */ = {isa = PBXFileReference; lastKnownFileType = file.storyboard; name = Base; path = Base.lproj/LaunchScreen.storyboard; sourceTree = "<group>"; };
		4D7E0C9F1BFD340300A15C54 /* Info.plist */ = {isa = PBXFileReference; lastKnownFileType = text.plist.xml; path = Info.plist; sourceTree = "<group>"; };
		4D7E0CA41BFD340400A15C54 /* swift-vehicleTests.xctest */ = {isa = PBXFileReference; explicitFileType = wrapper.cfbundle; includeInIndex = 0; path = "swift-vehicleTests.xctest"; sourceTree = BUILT_PRODUCTS_DIR; };
		4D7E0CA81BFD340400A15C54 /* swift_vehicleTests.swift */ = {isa = PBXFileReference; lastKnownFileType = sourcecode.swift; path = swift_vehicleTests.swift; sourceTree = "<group>"; };
		4D7E0CAA1BFD340400A15C54 /* Info.plist */ = {isa = PBXFileReference; lastKnownFileType = text.plist.xml; path = Info.plist; sourceTree = "<group>"; };
		4D7E0CB41BFE1D1E00A15C54 /* Vehicle.swift */ = {isa = PBXFileReference; fileEncoding = 4; lastKnownFileType = sourcecode.swift; path = Vehicle.swift; sourceTree = "<group>"; };
		4D7E0CB61BFE200F00A15C54 /* Car.swift */ = {isa = PBXFileReference; fileEncoding = 4; lastKnownFileType = sourcecode.swift; path = Car.swift; sourceTree = "<group>"; };
		4D7E0CB81BFE201E00A15C54 /* Plane.swift */ = {isa = PBXFileReference; fileEncoding = 4; lastKnownFileType = sourcecode.swift; path = Plane.swift; sourceTree = "<group>"; };
		4D7E0CBA1BFE2FF500A15C54 /* RaceCar.swift */ = {isa = PBXFileReference; fileEncoding = 4; lastKnownFileType = sourcecode.swift; path = RaceCar.swift; sourceTree = "<group>"; };
		4D7E0CBC1BFE350300A15C54 /* Jet.swift */ = {isa = PBXFileReference; fileEncoding = 4; lastKnownFileType = sourcecode.swift; path = Jet.swift; sourceTree = "<group>"; };
		4D7E0CBE1BFE4C4400A15C54 /* VehicleSpec.swift */ = {isa = PBXFileReference; fileEncoding = 4; lastKnownFileType = sourcecode.swift; path = VehicleSpec.swift; sourceTree = "<group>"; };
		6098B16ED08140CDACB2A8E6 /* Pods_swift_vehicleTests.framework */ = {isa = PBXFileReference; explicitFileType = wrapper.framework; includeInIndex = 0; path = Pods_swift_vehicleTests.framework; sourceTree = BUILT_PRODUCTS_DIR; };
		BE4F61D63F4570597D1E8723 /* Pods-swift-vehicleTests.release.xcconfig */ = {isa = PBXFileReference; includeInIndex = 1; lastKnownFileType = text.xcconfig; name = "Pods-swift-vehicleTests.release.xcconfig"; path = "Pods/Target Support Files/Pods-swift-vehicleTests/Pods-swift-vehicleTests.release.xcconfig"; sourceTree = "<group>"; };
/* End PBXFileReference section */

/* Begin PBXFrameworksBuildPhase section */
		4D7E0C8D1BFD340300A15C54 /* Frameworks */ = {
			isa = PBXFrameworksBuildPhase;
			buildActionMask = 2147483647;
			files = (
			);
			runOnlyForDeploymentPostprocessing = 0;
		};
		4D7E0CA11BFD340400A15C54 /* Frameworks */ = {
			isa = PBXFrameworksBuildPhase;
			buildActionMask = 2147483647;
			files = (
				D8C1798303A5FD3513635674 /* Pods_swift_vehicleTests.framework in Frameworks */,
			);
			runOnlyForDeploymentPostprocessing = 0;
		};
/* End PBXFrameworksBuildPhase section */

/* Begin PBXGroup section */
		0A69E76B65C43A97456F6FCC /* Pods */ = {
			isa = PBXGroup;
			children = (
				45BA0D521C8782ECAEAF3B22 /* Pods-swift-vehicleTests.debug.xcconfig */,
				BE4F61D63F4570597D1E8723 /* Pods-swift-vehicleTests.release.xcconfig */,
			);
			name = Pods;
			sourceTree = "<group>";
		};
		4D7E0C871BFD340300A15C54 = {
			isa = PBXGroup;
			children = (
				4D7E0C921BFD340300A15C54 /* swift-vehicle */,
				4D7E0CA71BFD340400A15C54 /* swift-vehicleTests */,
				4D7E0C911BFD340300A15C54 /* Products */,
				0A69E76B65C43A97456F6FCC /* Pods */,
				9232BAF6974A46CA6D246363 /* Frameworks */,
			);
			sourceTree = "<group>";
		};
		4D7E0C911BFD340300A15C54 /* Products */ = {
			isa = PBXGroup;
			children = (
				4D7E0C901BFD340300A15C54 /* swift-vehicle.app */,
				4D7E0CA41BFD340400A15C54 /* swift-vehicleTests.xctest */,
			);
			name = Products;
			sourceTree = "<group>";
		};
		4D7E0C921BFD340300A15C54 /* swift-vehicle */ = {
			isa = PBXGroup;
			children = (
				4D7E0C931BFD340300A15C54 /* AppDelegate.swift */,
				4D7E0CB41BFE1D1E00A15C54 /* Vehicle.swift */,
				4D7E0CB61BFE200F00A15C54 /* Car.swift */,
				4D7E0CBA1BFE2FF500A15C54 /* RaceCar.swift */,
				4D7E0CB81BFE201E00A15C54 /* Plane.swift */,
				4D7E0CBC1BFE350300A15C54 /* Jet.swift */,
				4D7E0CB31BFD34C900A15C54 /* Resources */,
			);
			path = "swift-vehicle";
			sourceTree = "<group>";
		};
		4D7E0CA71BFD340400A15C54 /* swift-vehicleTests */ = {
			isa = PBXGroup;
			children = (
				4D7E0CBE1BFE4C4400A15C54 /* VehicleSpec.swift */,
				4D7E0CA81BFD340400A15C54 /* swift_vehicleTests.swift */,
				4D7E0CAA1BFD340400A15C54 /* Info.plist */,
			);
			path = "swift-vehicleTests";
			sourceTree = "<group>";
		};
		4D7E0CB31BFD34C900A15C54 /* Resources */ = {
			isa = PBXGroup;
			children = (
				4D7E0C951BFD340300A15C54 /* ViewController.swift */,
				4D7E0C971BFD340300A15C54 /* Main.storyboard */,
				4D7E0C9A1BFD340300A15C54 /* Assets.xcassets */,
				4D7E0C9C1BFD340300A15C54 /* LaunchScreen.storyboard */,
				4D7E0C9F1BFD340300A15C54 /* Info.plist */,
			);
			name = Resources;
			sourceTree = "<group>";
		};
		9232BAF6974A46CA6D246363 /* Frameworks */ = {
			isa = PBXGroup;
			children = (
				6098B16ED08140CDACB2A8E6 /* Pods_swift_vehicleTests.framework */,
			);
			name = Frameworks;
			sourceTree = "<group>";
		};
/* End PBXGroup section */

/* Begin PBXNativeTarget section */
		4D7E0C8F1BFD340300A15C54 /* swift-vehicle */ = {
			isa = PBXNativeTarget;
			buildConfigurationList = 4D7E0CAD1BFD340400A15C54 /* Build configuration list for PBXNativeTarget "swift-vehicle" */;
			buildPhases = (
				4D7E0C8C1BFD340300A15C54 /* Sources */,
				4D7E0C8D1BFD340300A15C54 /* Frameworks */,
				4D7E0C8E1BFD340300A15C54 /* Resources */,
			);
			buildRules = (
			);
			dependencies = (
			);
			name = "swift-vehicle";
			productName = "swift-vehicle";
			productReference = 4D7E0C901BFD340300A15C54 /* swift-vehicle.app */;
			productType = "com.apple.product-type.application";
		};
		4D7E0CA31BFD340400A15C54 /* swift-vehicleTests */ = {
			isa = PBXNativeTarget;
			buildConfigurationList = 4D7E0CB01BFD340400A15C54 /* Build configuration list for PBXNativeTarget "swift-vehicleTests" */;
			buildPhases = (
				933B0AF762A865413266DACA /* Check Pods Manifest.lock */,
				4D7E0CA01BFD340400A15C54 /* Sources */,
				4D7E0CA11BFD340400A15C54 /* Frameworks */,
				4D7E0CA21BFD340400A15C54 /* Resources */,
				5A771B70E5DA15361CBC6E83 /* Embed Pods Frameworks */,
				932A70941416B5C224812660 /* Copy Pods Resources */,
			);
			buildRules = (
			);
			dependencies = (
				4D7E0CA61BFD340400A15C54 /* PBXTargetDependency */,
			);
			name = "swift-vehicleTests";
			productName = "swift-vehicleTests";
			productReference = 4D7E0CA41BFD340400A15C54 /* swift-vehicleTests.xctest */;
			productType = "com.apple.product-type.bundle.unit-test";
		};
/* End PBXNativeTarget section */

/* Begin PBXProject section */
		4D7E0C881BFD340300A15C54 /* Project object */ = {
			isa = PBXProject;
			attributes = {
				LastSwiftUpdateCheck = 0710;
				LastUpgradeCheck = 0710;
				ORGANIZATIONNAME = "Flatiron School";
				TargetAttributes = {
					4D7E0C8F1BFD340300A15C54 = {
						CreatedOnToolsVersion = 7.1;
					};
					4D7E0CA31BFD340400A15C54 = {
						CreatedOnToolsVersion = 7.1;
						TestTargetID = 4D7E0C8F1BFD340300A15C54;
					};
				};
			};
			buildConfigurationList = 4D7E0C8B1BFD340300A15C54 /* Build configuration list for PBXProject "swift-vehicle" */;
			compatibilityVersion = "Xcode 3.2";
			developmentRegion = English;
			hasScannedForEncodings = 0;
			knownRegions = (
				en,
				Base,
			);
			mainGroup = 4D7E0C871BFD340300A15C54;
			productRefGroup = 4D7E0C911BFD340300A15C54 /* Products */;
			projectDirPath = "";
			projectRoot = "";
			targets = (
				4D7E0C8F1BFD340300A15C54 /* swift-vehicle */,
				4D7E0CA31BFD340400A15C54 /* swift-vehicleTests */,
			);
		};
/* End PBXProject section */

/* Begin PBXResourcesBuildPhase section */
		4D7E0C8E1BFD340300A15C54 /* Resources */ = {
			isa = PBXResourcesBuildPhase;
			buildActionMask = 2147483647;
			files = (
				4D7E0C9E1BFD340300A15C54 /* LaunchScreen.storyboard in Resources */,
				4D7E0C9B1BFD340300A15C54 /* Assets.xcassets in Resources */,
				4D7E0C991BFD340300A15C54 /* Main.storyboard in Resources */,
			);
			runOnlyForDeploymentPostprocessing = 0;
		};
		4D7E0CA21BFD340400A15C54 /* Resources */ = {
			isa = PBXResourcesBuildPhase;
			buildActionMask = 2147483647;
			files = (
			);
			runOnlyForDeploymentPostprocessing = 0;
		};
/* End PBXResourcesBuildPhase section */

/* Begin PBXShellScriptBuildPhase section */
		5A771B70E5DA15361CBC6E83 /* Embed Pods Frameworks */ = {
			isa = PBXShellScriptBuildPhase;
			buildActionMask = 2147483647;
			files = (
			);
			inputPaths = (
			);
			name = "Embed Pods Frameworks";
			outputPaths = (
			);
			runOnlyForDeploymentPostprocessing = 0;
			shellPath = /bin/sh;
			shellScript = "\"${SRCROOT}/Pods/Target Support Files/Pods-swift-vehicleTests/Pods-swift-vehicleTests-frameworks.sh\"\n";
			showEnvVarsInLog = 0;
		};
		932A70941416B5C224812660 /* Copy Pods Resources */ = {
			isa = PBXShellScriptBuildPhase;
			buildActionMask = 2147483647;
			files = (
			);
			inputPaths = (
			);
			name = "Copy Pods Resources";
			outputPaths = (
			);
			runOnlyForDeploymentPostprocessing = 0;
			shellPath = /bin/sh;
			shellScript = "\"${SRCROOT}/Pods/Target Support Files/Pods-swift-vehicleTests/Pods-swift-vehicleTests-resources.sh\"\n";
			showEnvVarsInLog = 0;
		};
		933B0AF762A865413266DACA /* Check Pods Manifest.lock */ = {
			isa = PBXShellScriptBuildPhase;
			buildActionMask = 2147483647;
			files = (
			);
			inputPaths = (
			);
			name = "Check Pods Manifest.lock";
			outputPaths = (
			);
			runOnlyForDeploymentPostprocessing = 0;
			shellPath = /bin/sh;
			shellScript = "diff \"${PODS_ROOT}/../Podfile.lock\" \"${PODS_ROOT}/Manifest.lock\" > /dev/null\nif [[ $? != 0 ]] ; then\n    cat << EOM\nerror: The sandbox is not in sync with the Podfile.lock. Run 'pod install' or update your CocoaPods installation.\nEOM\n    exit 1\nfi\n";
			showEnvVarsInLog = 0;
		};
/* End PBXShellScriptBuildPhase section */

/* Begin PBXSourcesBuildPhase section */
		4D7E0C8C1BFD340300A15C54 /* Sources */ = {
			isa = PBXSourcesBuildPhase;
			buildActionMask = 2147483647;
			files = (
				4D7E0CB51BFE1D1E00A15C54 /* Vehicle.swift in Sources */,
				4D7E0CBB1BFE2FF500A15C54 /* RaceCar.swift in Sources */,
				4D7E0C961BFD340300A15C54 /* ViewController.swift in Sources */,
				4D7E0CB91BFE201E00A15C54 /* Plane.swift in Sources */,
				4D7E0CB71BFE200F00A15C54 /* Car.swift in Sources */,
				4D7E0C941BFD340300A15C54 /* AppDelegate.swift in Sources */,
				4D7E0CBD1BFE350300A15C54 /* Jet.swift in Sources */,
			);
			runOnlyForDeploymentPostprocessing = 0;
		};
		4D7E0CA01BFD340400A15C54 /* Sources */ = {
			isa = PBXSourcesBuildPhase;
			buildActionMask = 2147483647;
			files = (
				4D7E0CA91BFD340400A15C54 /* swift_vehicleTests.swift in Sources */,
				4D7E0CBF1BFE4C4400A15C54 /* VehicleSpec.swift in Sources */,
			);
			runOnlyForDeploymentPostprocessing = 0;
		};
/* End PBXSourcesBuildPhase section */

/* Begin PBXTargetDependency section */
		4D7E0CA61BFD340400A15C54 /* PBXTargetDependency */ = {
			isa = PBXTargetDependency;
			target = 4D7E0C8F1BFD340300A15C54 /* swift-vehicle */;
			targetProxy = 4D7E0CA51BFD340400A15C54 /* PBXContainerItemProxy */;
		};
/* End PBXTargetDependency section */

/* Begin PBXVariantGroup section */
		4D7E0C971BFD340300A15C54 /* Main.storyboard */ = {
			isa = PBXVariantGroup;
			children = (
				4D7E0C981BFD340300A15C54 /* Base */,
			);
			name = Main.storyboard;
			sourceTree = "<group>";
		};
		4D7E0C9C1BFD340300A15C54 /* LaunchScreen.storyboard */ = {
			isa = PBXVariantGroup;
			children = (
				4D7E0C9D1BFD340300A15C54 /* Base */,
			);
			name = LaunchScreen.storyboard;
			sourceTree = "<group>";
		};
/* End PBXVariantGroup section */

/* Begin XCBuildConfiguration section */
		4D7E0CAB1BFD340400A15C54 /* Debug */ = {
			isa = XCBuildConfiguration;
			buildSettings = {
				ALWAYS_SEARCH_USER_PATHS = NO;
				CLANG_CXX_LANGUAGE_STANDARD = "gnu++0x";
				CLANG_CXX_LIBRARY = "libc++";
				CLANG_ENABLE_MODULES = YES;
				CLANG_ENABLE_OBJC_ARC = YES;
				CLANG_WARN_BOOL_CONVERSION = YES;
				CLANG_WARN_CONSTANT_CONVERSION = YES;
				CLANG_WARN_DIRECT_OBJC_ISA_USAGE = YES_ERROR;
				CLANG_WARN_EMPTY_BODY = YES;
				CLANG_WARN_ENUM_CONVERSION = YES;
				CLANG_WARN_INT_CONVERSION = YES;
				CLANG_WARN_OBJC_ROOT_CLASS = YES_ERROR;
				CLANG_WARN_UNREACHABLE_CODE = YES;
				CLANG_WARN__DUPLICATE_METHOD_MATCH = YES;
				"CODE_SIGN_IDENTITY[sdk=iphoneos*]" = "iPhone Developer";
				COPY_PHASE_STRIP = NO;
				DEBUG_INFORMATION_FORMAT = dwarf;
				ENABLE_STRICT_OBJC_MSGSEND = YES;
				ENABLE_TESTABILITY = YES;
				GCC_C_LANGUAGE_STANDARD = gnu99;
				GCC_DYNAMIC_NO_PIC = NO;
				GCC_NO_COMMON_BLOCKS = YES;
				GCC_OPTIMIZATION_LEVEL = 0;
				GCC_PREPROCESSOR_DEFINITIONS = (
					"DEBUG=1",
					"$(inherited)",
				);
				GCC_WARN_64_TO_32_BIT_CONVERSION = YES;
				GCC_WARN_ABOUT_RETURN_TYPE = YES_ERROR;
				GCC_WARN_UNDECLARED_SELECTOR = YES;
				GCC_WARN_UNINITIALIZED_AUTOS = YES_AGGRESSIVE;
				GCC_WARN_UNUSED_FUNCTION = YES;
				GCC_WARN_UNUSED_VARIABLE = YES;
				IPHONEOS_DEPLOYMENT_TARGET = 9.1;
				MTL_ENABLE_DEBUG_INFO = YES;
				ONLY_ACTIVE_ARCH = YES;
				SDKROOT = iphoneos;
				SWIFT_OPTIMIZATION_LEVEL = "-Onone";
			};
			name = Debug;
		};
		4D7E0CAC1BFD340400A15C54 /* Release */ = {
			isa = XCBuildConfiguration;
			buildSettings = {
				ALWAYS_SEARCH_USER_PATHS = NO;
				CLANG_CXX_LANGUAGE_STANDARD = "gnu++0x";
				CLANG_CXX_LIBRARY = "libc++";
				CLANG_ENABLE_MODULES = YES;
				CLANG_ENABLE_OBJC_ARC = YES;
				CLANG_WARN_BOOL_CONVERSION = YES;
				CLANG_WARN_CONSTANT_CONVERSION = YES;
				CLANG_WARN_DIRECT_OBJC_ISA_USAGE = YES_ERROR;
				CLANG_WARN_EMPTY_BODY = YES;
				CLANG_WARN_ENUM_CONVERSION = YES;
				CLANG_WARN_INT_CONVERSION = YES;
				CLANG_WARN_OBJC_ROOT_CLASS = YES_ERROR;
				CLANG_WARN_UNREACHABLE_CODE = YES;
				CLANG_WARN__DUPLICATE_METHOD_MATCH = YES;
				"CODE_SIGN_IDENTITY[sdk=iphoneos*]" = "iPhone Developer";
				COPY_PHASE_STRIP = NO;
				DEBUG_INFORMATION_FORMAT = "dwarf-with-dsym";
				ENABLE_NS_ASSERTIONS = NO;
				ENABLE_STRICT_OBJC_MSGSEND = YES;
				GCC_C_LANGUAGE_STANDARD = gnu99;
				GCC_NO_COMMON_BLOCKS = YES;
				GCC_WARN_64_TO_32_BIT_CONVERSION = YES;
				GCC_WARN_ABOUT_RETURN_TYPE = YES_ERROR;
				GCC_WARN_UNDECLARED_SELECTOR = YES;
				GCC_WARN_UNINITIALIZED_AUTOS = YES_AGGRESSIVE;
				GCC_WARN_UNUSED_FUNCTION = YES;
				GCC_WARN_UNUSED_VARIABLE = YES;
				IPHONEOS_DEPLOYMENT_TARGET = 9.1;
				MTL_ENABLE_DEBUG_INFO = NO;
				SDKROOT = iphoneos;
				VALIDATE_PRODUCT = YES;
			};
			name = Release;
		};
		4D7E0CAE1BFD340400A15C54 /* Debug */ = {
			isa = XCBuildConfiguration;
			buildSettings = {
				ASSETCATALOG_COMPILER_APPICON_NAME = AppIcon;
				INFOPLIST_FILE = "swift-vehicle/Info.plist";
				LD_RUNPATH_SEARCH_PATHS = "$(inherited) @executable_path/Frameworks";
				PRODUCT_BUNDLE_IDENTIFIER = "FlatironSchool.swift-vehicle";
				PRODUCT_NAME = "$(TARGET_NAME)";
			};
			name = Debug;
		};
		4D7E0CAF1BFD340400A15C54 /* Release */ = {
			isa = XCBuildConfiguration;
			buildSettings = {
				ASSETCATALOG_COMPILER_APPICON_NAME = AppIcon;
				INFOPLIST_FILE = "swift-vehicle/Info.plist";
				LD_RUNPATH_SEARCH_PATHS = "$(inherited) @executable_path/Frameworks";
				PRODUCT_BUNDLE_IDENTIFIER = "FlatironSchool.swift-vehicle";
				PRODUCT_NAME = "$(TARGET_NAME)";
			};
			name = Release;
		};
		4D7E0CB11BFD340400A15C54 /* Debug */ = {
			isa = XCBuildConfiguration;
			baseConfigurationReference = 45BA0D521C8782ECAEAF3B22 /* Pods-swift-vehicleTests.debug.xcconfig */;
			buildSettings = {
				BUNDLE_LOADER = "$(TEST_HOST)";
				INFOPLIST_FILE = "swift-vehicleTests/Info.plist";
				LD_RUNPATH_SEARCH_PATHS = "$(inherited) @executable_path/Frameworks @loader_path/Frameworks";
				PRODUCT_BUNDLE_IDENTIFIER = "FlatironSchool.swift-vehicleTests";
				PRODUCT_NAME = "$(TARGET_NAME)";
				TEST_HOST = "$(BUILT_PRODUCTS_DIR)/swift-vehicle.app/swift-vehicle";
			};
			name = Debug;
		};
		4D7E0CB21BFD340400A15C54 /* Release */ = {
			isa = XCBuildConfiguration;
			baseConfigurationReference = BE4F61D63F4570597D1E8723 /* Pods-swift-vehicleTests.release.xcconfig */;
			buildSettings = {
				BUNDLE_LOADER = "$(TEST_HOST)";
				INFOPLIST_FILE = "swift-vehicleTests/Info.plist";
				LD_RUNPATH_SEARCH_PATHS = "$(inherited) @executable_path/Frameworks @loader_path/Frameworks";
				PRODUCT_BUNDLE_IDENTIFIER = "FlatironSchool.swift-vehicleTests";
				PRODUCT_NAME = "$(TARGET_NAME)";
				TEST_HOST = "$(BUILT_PRODUCTS_DIR)/swift-vehicle.app/swift-vehicle";
			};
			name = Release;
		};
/* End XCBuildConfiguration section */

/* Begin XCConfigurationList section */
		4D7E0C8B1BFD340300A15C54 /* Build configuration list for PBXProject "swift-vehicle" */ = {
			isa = XCConfigurationList;
			buildConfigurations = (
				4D7E0CAB1BFD340400A15C54 /* Debug */,
				4D7E0CAC1BFD340400A15C54 /* Release */,
			);
			defaultConfigurationIsVisible = 0;
			defaultConfigurationName = Release;
		};
		4D7E0CAD1BFD340400A15C54 /* Build configuration list for PBXNativeTarget "swift-vehicle" */ = {
			isa = XCConfigurationList;
			buildConfigurations = (
				4D7E0CAE1BFD340400A15C54 /* Debug */,
				4D7E0CAF1BFD340400A15C54 /* Release */,
			);
			defaultConfigurationIsVisible = 0;
			defaultConfigurationName = Release;
		};
		4D7E0CB01BFD340400A15C54 /* Build configuration list for PBXNativeTarget "swift-vehicleTests" */ = {
			isa = XCConfigurationList;
			buildConfigurations = (
				4D7E0CB11BFD340400A15C54 /* Debug */,
				4D7E0CB21BFD340400A15C54 /* Release */,
			);
			defaultConfigurationIsVisible = 0;
			defaultConfigurationName = Release;
		};
/* End XCConfigurationList section */
	};
	rootObject = 4D7E0C881BFD340300A15C54 /* Project object */;
}
